{
  "version": "3",
  "packages": {
    "specifiers": {
      "jsr:@fedify/fedify@^0.7.0": "jsr:@fedify/fedify@0.7.0",
      "jsr:@logtape/logtape@^0.2.2": "jsr:@logtape/logtape@0.2.2",
      "jsr:@std/bytes@^0.220.1": "jsr:@std/bytes@0.220.1",
      "jsr:@std/encoding@^0.220.1": "jsr:@std/encoding@0.220.1",
      "jsr:@std/http@^0.220.1": "jsr:@std/http@0.220.1",
      "jsr:@std/semver@^0.220.1": "jsr:@std/semver@0.220.1",
      "npm:@js-temporal/polyfill@^0.4.4": "npm:@js-temporal/polyfill@0.4.4",
      "npm:@phensley/language-tag@^1.8.0": "npm:@phensley/language-tag@1.8.1",
      "npm:jsonld@^8.3.2": "npm:jsonld@8.3.2",
      "npm:uri-template-router@^0.0.16": "npm:uri-template-router@0.0.16",
      "npm:url-template@^3.1.1": "npm:url-template@3.1.1"
    },
    "jsr": {
      "@fedify/fedify@0.7.0": {
        "integrity": "abf9bf2278a48b6474b9c4e9db3ef4bcd35a8d1a091e2fc41a833e810a5187a2",
        "dependencies": [
          "jsr:@logtape/logtape@^0.2.2",
          "jsr:@std/bytes@^0.220.1",
          "jsr:@std/encoding@^0.220.1",
          "jsr:@std/http@^0.220.1",
          "jsr:@std/semver@^0.220.1",
          "npm:@js-temporal/polyfill@^0.4.4",
          "npm:@phensley/language-tag@^1.8.0",
          "npm:jsonld@^8.3.2",
          "npm:uri-template-router@^0.0.16",
          "npm:url-template@^3.1.1"
        ]
      },
      "@logtape/logtape@0.2.2": {
        "integrity": "490480edf6daa402ce4d32665c28ee527a9d411a23abe37c15ae2f72f861b2c8"
      },
      "@std/bytes@0.220.1": {
        "integrity": "e522cdc7c152cfc8a09bd618618cbc710dcf57003ab6fab3a6c37ff4c88aa3db"
      },
      "@std/encoding@0.220.1": {
        "integrity": "8dc38dd72e36cd68857a5837e24eb09a64bb296b96c295239c75eec17d45d23f"
      },
      "@std/http@0.220.1": {
        "integrity": "1672a8d31f3e0ccf1c55221907daba4a22f3760cf2d079afb26def2dcfd0513b"
      },
      "@std/semver@0.220.1": {
        "integrity": "f3df4abc715ad723680011f19d2934cfd436b4c41c317e82bfc14ac586b3b724"
      }
    },
    "npm": {
      "@digitalbazaar/http-client@3.4.1_ky@0.33.3": {
        "integrity": "sha512-Ahk1N+s7urkgj7WvvUND5f8GiWEPfUw0D41hdElaqLgu8wZScI8gdI0q+qWw5N1d35x7GCRH2uk9mi+Uzo9M3g==",
        "dependencies": {
          "ky": "ky@0.33.3",
          "ky-universal": "ky-universal@0.11.0_ky@0.33.3",
          "undici": "undici@5.28.4"
        }
      },
      "@fastify/busboy@2.1.1": {
        "integrity": "sha512-vBZP4NlzfOlerQTnba4aqZoMhE/a9HY7HRqoOPaETQcSQuWEIyZMHGfVu6w9wGtGK5fED5qRs2DteVCjOH60sA==",
        "dependencies": {}
      },
      "@js-temporal/polyfill@0.4.4": {
        "integrity": "sha512-2X6bvghJ/JAoZO52lbgyAPFj8uCflhTo2g7nkFzEQdXd/D8rEeD4HtmTEpmtGCva260fcd66YNXBOYdnmHqSOg==",
        "dependencies": {
          "jsbi": "jsbi@4.3.0",
          "tslib": "tslib@2.6.2"
        }
      },
      "@phensley/language-tag@1.8.1": {
        "integrity": "sha512-Jz5P1/AgGQU4ttK8FXg0M7zyZdFHl8iIfi+PXJErrDu6NFalm6W4avbT0kJcvi7bp+j4DhKL4UfV34Vwl2dv7w==",
        "dependencies": {
          "tslib": "tslib@2.6.2"
        }
      },
      "abort-controller@3.0.0": {
        "integrity": "sha512-h8lQ8tacZYnR3vNQTgibj+tODHI5/+l06Au2Pcriv/Gmet0eaj4TwWH41sO9wnHDiQsEj19q0drzdWdeAHtweg==",
        "dependencies": {
          "event-target-shim": "event-target-shim@5.0.1"
        }
      },
      "canonicalize@1.0.8": {
        "integrity": "sha512-0CNTVCLZggSh7bc5VkX5WWPWO+cyZbNd07IHIsSXLia/eAq+r836hgk+8BKoEh7949Mda87VUOitx5OddVj64A==",
        "dependencies": {}
      },
      "data-uri-to-buffer@4.0.1": {
        "integrity": "sha512-0R9ikRb668HB7QDxT1vkpuUBtqc53YyAwMwGeUFKRojY/NWKvdZ+9UYtRfGmhqNbRkTSVpMbmyhXipFFv2cb/A==",
        "dependencies": {}
      },
      "event-target-shim@5.0.1": {
        "integrity": "sha512-i/2XbnSz/uxRCU6+NdVJgKWDTM427+MqYbkQzD321DuCQJUqOuJKIA0IM2+W2xtYHdKOmZ4dR6fExsd4SXL+WQ==",
        "dependencies": {}
      },
      "fetch-blob@3.2.0": {
        "integrity": "sha512-7yAQpD2UMJzLi1Dqv7qFYnPbaPx7ZfFK6PiIxQ4PfkGPyNyl2Ugx+a/umUonmKqjhM4DnfbMvdX6otXq83soQQ==",
        "dependencies": {
          "node-domexception": "node-domexception@1.0.0",
          "web-streams-polyfill": "web-streams-polyfill@3.3.3"
        }
      },
      "formdata-polyfill@4.0.10": {
        "integrity": "sha512-buewHzMvYL29jdeQTVILecSaZKnt/RJWjoZCF5OW60Z67/GmSLBkOFM7qh1PI3zFNtJbaZL5eQu1vLfazOwj4g==",
        "dependencies": {
          "fetch-blob": "fetch-blob@3.2.0"
        }
      },
      "jsbi@4.3.0": {
        "integrity": "sha512-SnZNcinB4RIcnEyZqFPdGPVgrg2AcnykiBy0sHVJQKHYeaLUvi3Exj+iaPpLnFVkDPZIV4U0yvgC9/R4uEAZ9g==",
        "dependencies": {}
      },
      "jsonld@8.3.2": {
        "integrity": "sha512-MwBbq95szLwt8eVQ1Bcfwmgju/Y5P2GdtlHE2ncyfuYjIdEhluUVyj1eudacf1mOkWIoS9GpDBTECqhmq7EOaA==",
        "dependencies": {
          "@digitalbazaar/http-client": "@digitalbazaar/http-client@3.4.1_ky@0.33.3",
          "canonicalize": "canonicalize@1.0.8",
          "lru-cache": "lru-cache@6.0.0",
          "rdf-canonize": "rdf-canonize@3.4.0"
        }
      },
      "ky-universal@0.11.0_ky@0.33.3": {
        "integrity": "sha512-65KyweaWvk+uKKkCrfAf+xqN2/epw1IJDtlyCPxYffFCMR8u1sp2U65NtWpnozYfZxQ6IUzIlvUcw+hQ82U2Xw==",
        "dependencies": {
          "abort-controller": "abort-controller@3.0.0",
          "ky": "ky@0.33.3",
          "node-fetch": "node-fetch@3.3.2"
        }
      },
      "ky@0.33.3": {
        "integrity": "sha512-CasD9OCEQSFIam2U8efFK81Yeg8vNMTBUqtMOHlrcWQHqUX3HeCl9Dr31u4toV7emlH8Mymk5+9p0lL6mKb/Xw==",
        "dependencies": {}
      },
      "lru-cache@6.0.0": {
        "integrity": "sha512-Jo6dJ04CmSjuznwJSS3pUeWmd/H0ffTlkXXgwZi+eq1UCmqQwCh+eLsYOYCwY991i2Fah4h1BEMCx4qThGbsiA==",
        "dependencies": {
          "yallist": "yallist@4.0.0"
        }
      },
      "node-domexception@1.0.0": {
        "integrity": "sha512-/jKZoMpw0F8GRwl4/eLROPA3cfcXtLApP0QzLmUT/HuPCZWyB7IY9ZrMeKw2O/nFIqPQB3PVM9aYm0F312AXDQ==",
        "dependencies": {}
      },
      "node-fetch@3.3.2": {
        "integrity": "sha512-dRB78srN/l6gqWulah9SrxeYnxeddIG30+GOqK/9OlLVyLg3HPnr6SqOWTWOXKRwC2eGYCkZ59NNuSgvSrpgOA==",
        "dependencies": {
          "data-uri-to-buffer": "data-uri-to-buffer@4.0.1",
          "fetch-blob": "fetch-blob@3.2.0",
          "formdata-polyfill": "formdata-polyfill@4.0.10"
        }
      },
      "rdf-canonize@3.4.0": {
        "integrity": "sha512-fUeWjrkOO0t1rg7B2fdyDTvngj+9RlUyL92vOdiB7c0FPguWVsniIMjEtHH+meLBO9rzkUlUzBVXgWrjI8P9LA==",
        "dependencies": {
          "setimmediate": "setimmediate@1.0.5"
        }
      },
      "setimmediate@1.0.5": {
        "integrity": "sha512-MATJdZp8sLqDl/68LfQmbP8zKPLQNV6BIZoIgrscFDQ+RsvK/BxeDQOgyxKKoh0y/8h3BqVFnCqQ/gd+reiIXA==",
        "dependencies": {}
      },
      "tslib@2.6.2": {
        "integrity": "sha512-AEYxH93jGFPn/a2iVAwW87VuUIkR1FVUKB77NwMF7nBTDkDrrT/Hpt/IrCJ0QXhW27jTBDcf5ZY7w6RiqTMw2Q==",
        "dependencies": {}
      },
      "undici@5.28.4": {
        "integrity": "sha512-72RFADWFqKmUb2hmmvNODKL3p9hcB6Gt2DOQMis1SEBaV6a4MH8soBvzg+95CYhCKPFedut2JY9bMfrDl9D23g==",
        "dependencies": {
          "@fastify/busboy": "@fastify/busboy@2.1.1"
        }
      },
      "uri-template-router@0.0.16": {
        "integrity": "sha512-kvIuR8BtfL/VXFCM5hA7kjfYBdxMKQMmjOOA2zPUR1Xy7K+aVF2cVWMDaQEa2O74WN7zMloyvvmYjNJ38fVUew==",
        "dependencies": {}
      },
      "url-template@3.1.1": {
        "integrity": "sha512-4oszoaEKE/mQOtAmdMWqIRHmkxWkUZMnXFnjQ5i01CuRSK3uluxcH1MRVVVWmhlnzT1SCDfKxxficm2G37qzCA==",
        "dependencies": {}
      },
      "web-streams-polyfill@3.3.3": {
        "integrity": "sha512-d2JWLCivmZYTSIoge9MsgFCZrt571BikcWGYkjC1khllbTeDlGqZ2D8vD8E/lJa8WGWbb7Plm8/XJYV7IJHZZw==",
        "dependencies": {}
      },
      "yallist@4.0.0": {
        "integrity": "sha512-3wdGidZyq5PB084XLES5TpOSRA3wjXAlIWMhum2kRcv/41Sn2emQ0dycQW4uZXLejwKvg6EsvbdlVL+FYEct7A==",
        "dependencies": {}
      }
    }
  },
  "remote": {},
  "workspace": {
    "dependencies": [
      "jsr:@fedify/fedify@^0.7.0"
    ]
  }
}
