{
  "version": "3",
  "packages": {
    "specifiers": {
      "jsr:@fedify/fedify": "jsr:@fedify/fedify@0.7.0",
      "jsr:@logtape/logtape@^0.2.2": "jsr:@logtape/logtape@0.2.2",
      "jsr:@std/bytes@^0.220.1": "jsr:@std/bytes@0.220.1",
      "jsr:@std/encoding@^0.220.1": "jsr:@std/encoding@0.220.1",
      "jsr:@std/http@^0.220.1": "jsr:@std/http@0.220.1",
      "jsr:@std/semver@^0.220.1": "jsr:@std/semver@0.220.1",
      "npm:@js-temporal/polyfill@^0.4.4": "npm:@js-temporal/polyfill@0.4.4",
      "npm:@phensley/language-tag@^1.8.0": "npm:@phensley/language-tag@1.8.1",
      "npm:jsonld@^8.3.2": "npm:jsonld@8.3.2",
      "npm:uri-template-router@^0.0.16": "npm:uri-template-router@0.0.16",
      "npm:url-template@^3.1.1": "npm:url-template@3.1.1"
    },
    "jsr": {
      "@fedify/fedify@0.7.0": {
        "integrity": "abf9bf2278a48b6474b9c4e9db3ef4bcd35a8d1a091e2fc41a833e810a5187a2",
        "dependencies": [
          "jsr:@logtape/logtape@^0.2.2",
          "jsr:@std/bytes@^0.220.1",
          "jsr:@std/encoding@^0.220.1",
          "jsr:@std/http@^0.220.1",
          "jsr:@std/semver@^0.220.1",
          "npm:@js-temporal/polyfill@^0.4.4",
          "npm:@phensley/language-tag@^1.8.0",
          "npm:jsonld@^8.3.2",
          "npm:uri-template-router@^0.0.16",
          "npm:url-template@^3.1.1"
        ]
      },
      "@logtape/logtape@0.2.2": {
        "integrity": "490480edf6daa402ce4d32665c28ee527a9d411a23abe37c15ae2f72f861b2c8"
      },
      "@std/bytes@0.220.1": {
        "integrity": "e522cdc7c152cfc8a09bd618618cbc710dcf57003ab6fab3a6c37ff4c88aa3db"
      },
      "@std/encoding@0.220.1": {
        "integrity": "8dc38dd72e36cd68857a5837e24eb09a64bb296b96c295239c75eec17d45d23f"
      },
      "@std/http@0.220.1": {
        "integrity": "1672a8d31f3e0ccf1c55221907daba4a22f3760cf2d079afb26def2dcfd0513b"
      },
      "@std/semver@0.220.1": {
        "integrity": "f3df4abc715ad723680011f19d2934cfd436b4c41c317e82bfc14ac586b3b724"
      }
    },
    "npm": {
      "@digitalbazaar/http-client@3.4.1_ky@0.33.3": {
        "integrity": "sha512-Ahk1N+s7urkgj7WvvUND5f8GiWEPfUw0D41hdElaqLgu8wZScI8gdI0q+qWw5N1d35x7GCRH2uk9mi+Uzo9M3g==",
        "dependencies": {
          "ky": "ky@0.33.3",
          "ky-universal": "ky-universal@0.11.0_ky@0.33.3",
          "undici": "undici@5.28.4"
        }
      },
      "@fastify/busboy@2.1.1": {
        "integrity": "sha512-vBZP4NlzfOlerQTnba4aqZoMhE/a9HY7HRqoOPaETQcSQuWEIyZMHGfVu6w9wGtGK5fED5qRs2DteVCjOH60sA==",
        "dependencies": {}
      },
      "@js-temporal/polyfill@0.4.4": {
        "integrity": "sha512-2X6bvghJ/JAoZO52lbgyAPFj8uCflhTo2g7nkFzEQdXd/D8rEeD4HtmTEpmtGCva260fcd66YNXBOYdnmHqSOg==",
        "dependencies": {
          "jsbi": "jsbi@4.3.0",
          "tslib": "tslib@2.6.2"
        }
      },
      "@phensley/language-tag@1.8.1": {
        "integrity": "sha512-Jz5P1/AgGQU4ttK8FXg0M7zyZdFHl8iIfi+PXJErrDu6NFalm6W4avbT0kJcvi7bp+j4DhKL4UfV34Vwl2dv7w==",
        "dependencies": {
          "tslib": "tslib@2.6.2"
        }
      },
      "abort-controller@3.0.0": {
        "integrity": "sha512-h8lQ8tacZYnR3vNQTgibj+tODHI5/+l06Au2Pcriv/Gmet0eaj4TwWH41sO9wnHDiQsEj19q0drzdWdeAHtweg==",
        "dependencies": {
          "event-target-shim": "event-target-shim@5.0.1"
        }
      },
      "canonicalize@1.0.8": {
        "integrity": "sha512-0CNTVCLZggSh7bc5VkX5WWPWO+cyZbNd07IHIsSXLia/eAq+r836hgk+8BKoEh7949Mda87VUOitx5OddVj64A==",
        "dependencies": {}
      },
      "data-uri-to-buffer@4.0.1": {
        "integrity": "sha512-0R9ikRb668HB7QDxT1vkpuUBtqc53YyAwMwGeUFKRojY/NWKvdZ+9UYtRfGmhqNbRkTSVpMbmyhXipFFv2cb/A==",
        "dependencies": {}
      },
      "event-target-shim@5.0.1": {
        "integrity": "sha512-i/2XbnSz/uxRCU6+NdVJgKWDTM427+MqYbkQzD321DuCQJUqOuJKIA0IM2+W2xtYHdKOmZ4dR6fExsd4SXL+WQ==",
        "dependencies": {}
      },
      "fetch-blob@3.2.0": {
        "integrity": "sha512-7yAQpD2UMJzLi1Dqv7qFYnPbaPx7ZfFK6PiIxQ4PfkGPyNyl2Ugx+a/umUonmKqjhM4DnfbMvdX6otXq83soQQ==",
        "dependencies": {
          "node-domexception": "node-domexception@1.0.0",
          "web-streams-polyfill": "web-streams-polyfill@3.3.3"
        }
      },
      "formdata-polyfill@4.0.10": {
        "integrity": "sha512-buewHzMvYL29jdeQTVILecSaZKnt/RJWjoZCF5OW60Z67/GmSLBkOFM7qh1PI3zFNtJbaZL5eQu1vLfazOwj4g==",
        "dependencies": {
          "fetch-blob": "fetch-blob@3.2.0"
        }
      },
      "jsbi@4.3.0": {
        "integrity": "sha512-SnZNcinB4RIcnEyZqFPdGPVgrg2AcnykiBy0sHVJQKHYeaLUvi3Exj+iaPpLnFVkDPZIV4U0yvgC9/R4uEAZ9g==",
        "dependencies": {}
      },
      "jsonld@8.3.2": {
        "integrity": "sha512-MwBbq95szLwt8eVQ1Bcfwmgju/Y5P2GdtlHE2ncyfuYjIdEhluUVyj1eudacf1mOkWIoS9GpDBTECqhmq7EOaA==",
        "dependencies": {
          "@digitalbazaar/http-client": "@digitalbazaar/http-client@3.4.1_ky@0.33.3",
          "canonicalize": "canonicalize@1.0.8",
          "lru-cache": "lru-cache@6.0.0",
          "rdf-canonize": "rdf-canonize@3.4.0"
        }
      },
      "ky-universal@0.11.0_ky@0.33.3": {
        "integrity": "sha512-65KyweaWvk+uKKkCrfAf+xqN2/epw1IJDtlyCPxYffFCMR8u1sp2U65NtWpnozYfZxQ6IUzIlvUcw+hQ82U2Xw==",
        "dependencies": {
          "abort-controller": "abort-controller@3.0.0",
          "ky": "ky@0.33.3",
          "node-fetch": "node-fetch@3.3.2"
        }
      },
      "ky@0.33.3": {
        "integrity": "sha512-CasD9OCEQSFIam2U8efFK81Yeg8vNMTBUqtMOHlrcWQHqUX3HeCl9Dr31u4toV7emlH8Mymk5+9p0lL6mKb/Xw==",
        "dependencies": {}
      },
      "lru-cache@6.0.0": {
        "integrity": "sha512-Jo6dJ04CmSjuznwJSS3pUeWmd/H0ffTlkXXgwZi+eq1UCmqQwCh+eLsYOYCwY991i2Fah4h1BEMCx4qThGbsiA==",
        "dependencies": {
          "yallist": "yallist@4.0.0"
        }
      },
      "node-domexception@1.0.0": {
        "integrity": "sha512-/jKZoMpw0F8GRwl4/eLROPA3cfcXtLApP0QzLmUT/HuPCZWyB7IY9ZrMeKw2O/nFIqPQB3PVM9aYm0F312AXDQ==",
        "dependencies": {}
      },
      "node-fetch@3.3.2": {
        "integrity": "sha512-dRB78srN/l6gqWulah9SrxeYnxeddIG30+GOqK/9OlLVyLg3HPnr6SqOWTWOXKRwC2eGYCkZ59NNuSgvSrpgOA==",
        "dependencies": {
          "data-uri-to-buffer": "data-uri-to-buffer@4.0.1",
          "fetch-blob": "fetch-blob@3.2.0",
          "formdata-polyfill": "formdata-polyfill@4.0.10"
        }
      },
      "rdf-canonize@3.4.0": {
        "integrity": "sha512-fUeWjrkOO0t1rg7B2fdyDTvngj+9RlUyL92vOdiB7c0FPguWVsniIMjEtHH+meLBO9rzkUlUzBVXgWrjI8P9LA==",
        "dependencies": {
          "setimmediate": "setimmediate@1.0.5"
        }
      },
      "setimmediate@1.0.5": {
        "integrity": "sha512-MATJdZp8sLqDl/68LfQmbP8zKPLQNV6BIZoIgrscFDQ+RsvK/BxeDQOgyxKKoh0y/8h3BqVFnCqQ/gd+reiIXA==",
        "dependencies": {}
      },
      "tslib@2.6.2": {
        "integrity": "sha512-AEYxH93jGFPn/a2iVAwW87VuUIkR1FVUKB77NwMF7nBTDkDrrT/Hpt/IrCJ0QXhW27jTBDcf5ZY7w6RiqTMw2Q==",
        "dependencies": {}
      },
      "undici@5.28.4": {
        "integrity": "sha512-72RFADWFqKmUb2hmmvNODKL3p9hcB6Gt2DOQMis1SEBaV6a4MH8soBvzg+95CYhCKPFedut2JY9bMfrDl9D23g==",
        "dependencies": {
          "@fastify/busboy": "@fastify/busboy@2.1.1"
        }
      },
      "uri-template-router@0.0.16": {
        "integrity": "sha512-kvIuR8BtfL/VXFCM5hA7kjfYBdxMKQMmjOOA2zPUR1Xy7K+aVF2cVWMDaQEa2O74WN7zMloyvvmYjNJ38fVUew==",
        "dependencies": {}
      },
      "url-template@3.1.1": {
        "integrity": "sha512-4oszoaEKE/mQOtAmdMWqIRHmkxWkUZMnXFnjQ5i01CuRSK3uluxcH1MRVVVWmhlnzT1SCDfKxxficm2G37qzCA==",
        "dependencies": {}
      },
      "web-streams-polyfill@3.3.3": {
        "integrity": "sha512-d2JWLCivmZYTSIoge9MsgFCZrt571BikcWGYkjC1khllbTeDlGqZ2D8vD8E/lJa8WGWbb7Plm8/XJYV7IJHZZw==",
        "dependencies": {}
      },
      "yallist@4.0.0": {
        "integrity": "sha512-3wdGidZyq5PB084XLES5TpOSRA3wjXAlIWMhum2kRcv/41Sn2emQ0dycQW4uZXLejwKvg6EsvbdlVL+FYEct7A==",
        "dependencies": {}
      }
    }
  },
  "redirects": {
    "https://ghuc.cc/qwtel/base64-encoding/index.ts": "https://raw.githubusercontent.com/qwtel/base64-encoding/master/index.ts",
    "https://ghuc.cc/qwtel/cookie-store-interface/index.d.ts": "https://raw.githubusercontent.com/qwtel/cookie-store-interface/master/index.d.ts",
    "https://ghuc.cc/qwtel/typed-array-utils/index.ts": "https://raw.githubusercontent.com/qwtel/typed-array-utils/master/index.ts",
    "https://ghuc.cc/qwtel/uuid-class/index.ts": "https://raw.githubusercontent.com/qwtel/uuid-class/master/index.ts",
    "https://ghuc.cc/qwtel/web-uuid/index.ts": "https://raw.githubusercontent.com/qwtel/web-uuid/master/index.ts",
    "https://ghuc.cc/qwtel/whatwg-stream-to-async-iter/index.ts": "https://raw.githubusercontent.com/qwtel/whatwg-stream-to-async-iter/master/index.ts",
    "https://ghuc.cc/worker-tools/cloudflare-kv-storage/index.ts": "https://raw.githubusercontent.com/worker-tools/cloudflare-kv-storage/master/index.ts",
    "https://ghuc.cc/worker-tools/deno-kv-storage/mod.ts": "https://raw.githubusercontent.com/worker-tools/deno-kv-storage/master/mod.ts",
    "https://ghuc.cc/worker-tools/encrypted-cookie-store/index.ts": "https://raw.githubusercontent.com/worker-tools/encrypted-cookie-store/master/index.ts",
    "https://ghuc.cc/worker-tools/extendable-promise/index.ts": "https://raw.githubusercontent.com/worker-tools/extendable-promise/master/index.ts",
    "https://ghuc.cc/worker-tools/html/index.ts": "https://raw.githubusercontent.com/worker-tools/html/master/index.ts",
    "https://ghuc.cc/worker-tools/json-fetch/index.ts": "https://raw.githubusercontent.com/worker-tools/json-fetch/master/index.ts",
    "https://ghuc.cc/worker-tools/json-stream/index.ts": "https://raw.githubusercontent.com/worker-tools/json-stream/master/index.ts",
    "https://ghuc.cc/worker-tools/kv-storage-polyfill/index.ts": "https://raw.githubusercontent.com/worker-tools/kv-storage-polyfill/master/index.ts",
    "https://ghuc.cc/worker-tools/kv-storage/index.ts": "https://raw.githubusercontent.com/worker-tools/kv-storage/master/index.ts",
    "https://ghuc.cc/worker-tools/middleware/context.ts": "https://raw.githubusercontent.com/worker-tools/middleware/master/context.ts",
    "https://ghuc.cc/worker-tools/middleware/index.ts": "https://raw.githubusercontent.com/worker-tools/middleware/master/index.ts",
    "https://ghuc.cc/worker-tools/request-cookie-store/index.ts": "https://raw.githubusercontent.com/worker-tools/request-cookie-store/master/index.ts",
    "https://ghuc.cc/worker-tools/resolvable-promise/index.ts": "https://raw.githubusercontent.com/worker-tools/resolvable-promise/master/index.ts",
    "https://ghuc.cc/worker-tools/response-creators/index.ts": "https://raw.githubusercontent.com/worker-tools/response-creators/master/index.ts",
    "https://ghuc.cc/worker-tools/router/index.ts": "https://raw.githubusercontent.com/worker-tools/router/master/index.ts",
    "https://ghuc.cc/worker-tools/shed/index.ts": "https://raw.githubusercontent.com/worker-tools/shed/master/index.ts",
    "https://ghuc.cc/worker-tools/signed-cookie-store/index.ts": "https://raw.githubusercontent.com/worker-tools/signed-cookie-store/master/index.ts",
    "https://ghuc.cc/worker-tools/stream-response/index.ts": "https://raw.githubusercontent.com/worker-tools/stream-response/master/index.ts",
    "https://ghuc.cc/worker-tools/structured-json/index.ts": "https://raw.githubusercontent.com/worker-tools/structured-json/master/index.ts"
  },
  "remote": {
    "https://cdn.skypack.dev/-/@tusbar/cache-control@v0.6.1-kKq1QODjbGMhi7sehsJR/dist=es2019,mode=imports/optimized/@tusbar/cache-control.js": "a27bc7c1f958ab03b45ad275a9a7633b4b2b89c9a8e6988897c3d2f01077cc6b",
    "https://cdn.skypack.dev/-/base64-encoding@v0.14.3-TaRBlSier6TNQqGwQGdV/dist=es2019,mode=imports/optimized/base64-encoding.js": "83ec0f610f2a95c34ed07de461a090da16d17d1633ffa3d4fcf7b267a9727636",
    "https://cdn.skypack.dev/-/idb-key-to-string@v0.2.0-BtLvUc1QK1cSXYjYkzyt/dist=es2019,mode=imports/optimized/idb-key-to-string.js": "adce7bd26a1b15b8a695a1cdb1ff0969b686d3793f983f41c685eae9fd9018cb",
    "https://cdn.skypack.dev/-/immer@v9.0.14-ToqxCbqmPxA0zXgVCFlu/dist=es2019,mode=imports/optimized/immer.js": "cad78ae23618b6d056af8deb9591fad69a8c6029e202a4189a800f9b6b65334e",
    "https://cdn.skypack.dev/-/kv-storage-polyfill@v2.0.0-SDLuzy4J3iRyNHxgX40J/dist=es2019,mode=imports/optimized/kv-storage-polyfill.js": "0f4d4f0ed2a89b54b8949296902e42cf5b1f082caad8b26a5a78001c371c2d86",
    "https://cdn.skypack.dev/-/msgpackr@v1.5.5-6EjkfvYX0TnsiAI5cUsO/dist=es2019,mode=imports/optimized/common/pack-136b1222.js": "546bc9bdf32da0f49801e76186f1e1b5815d07af2385fd6d81ae37be6663672a",
    "https://cdn.skypack.dev/-/msgpackr@v1.5.5-6EjkfvYX0TnsiAI5cUsO/dist=es2019,mode=imports/optimized/common/unpack-593b625a.js": "7109b285255bd64c49f21884f0779a07bb2b6c42407ef17a2ece71ebaa3af390",
    "https://cdn.skypack.dev/-/msgpackr@v1.5.5-6EjkfvYX0TnsiAI5cUsO/dist=es2019,mode=imports/optimized/msgpackr.js": "3e4e88646399417437e5f149bf5a0d111bcc3bbeaef71260a29ed064d5385cfd",
    "https://cdn.skypack.dev/-/negotiated@v1.0.2-5Ev23WmxasaIS9VQKFTo/dist=es2019,mode=imports/optimized/negotiated.js": "b13399662f5110fbbe994cb0c0d0d4d00c424f61087b4974c6c0bbc1d8dd8e4d",
    "https://cdn.skypack.dev/-/ts-functional-pipe@v3.1.2-d8UaYN4tbRGg1sDDDo8l/dist=es2019,mode=imports/optimized/ts-functional-pipe.js": "6bb45ddb6ada2146dbc6dc96ec38fb7e7a176bd1db55111fcc23d32309137529",
    "https://cdn.skypack.dev/-/tslib@v2.3.1-oagOtGnmjZ2E5Gt5m3zI/dist=es2019,mode=imports/optimized/tslib.js": "6a8aec215e19801a0cc9dfae2d87b3d5e774115c0684d3bd173ea7950c3a3e9e",
    "https://cdn.skypack.dev/-/typeson@v7.0.2-LhelRomME7VYWLE2jHaf/dist=es2019,mode=imports/optimized/typeson.js": "e0e5e42d4a2095a43e130fac429129966fd0014ef016ffebc86e7f8523c83198",
    "https://cdn.skypack.dev/@tusbar/cache-control@0.6.1?dts": "296f74b766dbf1cade7dcd5f4d2297596f075c56d620a939064862a30d82aa07",
    "https://cdn.skypack.dev/idb-key-to-string?dts": "b2b6d76e0446b14ef6767608a98a418a2e05f8c7c6fe80bab117675a4d37f42f",
    "https://cdn.skypack.dev/immer@9.0.14?dts": "99e0b65b02753f1fa67c27c35cc27695e2aff6aa2faf6e1ed36faa4144c181d0",
    "https://cdn.skypack.dev/kv-storage-polyfill@2.0.0": "325ac37e290ffb2fdd4ef9d7601b2660fa5b231c239fe94832f34a7d7df55915",
    "https://cdn.skypack.dev/msgpackr@1.5.5?dts": "4a3e1a12d43b62e24e27e1de033e6ea1b70e0c5b2d19dbf6261600d1eccbd98e",
    "https://cdn.skypack.dev/negotiated@1.0.2": "f229bc2e2d8dac450da393fd32189a9ee5228e3aa32269c628dc88e136f37d3e",
    "https://cdn.skypack.dev/ts-functional-pipe@3.1.2?dts": "2cc64ff90f43b62facb347581649efe83d7a19f89c55ca24377bccdea798e1ec",
    "https://cdn.skypack.dev/typeson@7.0.2": "e316d77805271cc5fc3a9cbb079f6c1a8773e1b912391b9a3d623bd8a6307880",
    "https://deno.land/x/escape_html@1.0.0/mod.ts": "fd6671533b7f8bbf267047e3d1a20786837b3285c31552fa5f82f1e34f6e37c3",
    "https://raw.githubusercontent.com/qwtel/base64-encoding/master/base64-js.ts": "5a05dc866d759b6833e4541439adf37592f7448f5bb9fc024469a465dccd1467",
    "https://raw.githubusercontent.com/qwtel/base64-encoding/master/base64.ts": "70d3aed47ccf58bf7cea6ace4d2664ea6700dc02f09e430ee28145706646768e",
    "https://raw.githubusercontent.com/qwtel/base64-encoding/master/index.ts": "b23dda01c5cc8936a728337e443ace36a973ba70f4c4f22a54ab251b25d4bbc7",
    "https://raw.githubusercontent.com/qwtel/typed-array-utils/master/index.ts": "f4113874798a3f2243db7ec8402f7b274c7d5f7048bc204e268c58f3c6c9cd53",
    "https://raw.githubusercontent.com/qwtel/uuid-class/master/index.ts": "162d8acf215d679776088d58d245d25911415b69a1719461ad00307357834837",
    "https://raw.githubusercontent.com/qwtel/web-uuid/master/index.ts": "e675fa3cdaf7ee88e5b3578990de60de2a14c69dc6ffc166fc4e5e93d4aae182",
    "https://raw.githubusercontent.com/qwtel/whatwg-stream-to-async-iter/master/index.ts": "eb5866043a883d22bbd5697113b026c7de6951a021bd86b98e95ddb4f33c1b37",
    "https://raw.githubusercontent.com/worker-tools/cloudflare-kv-storage/master/index.ts": "5b874f62905235b006f7979693f1455381f5ef5e9c2b1d471b0c413fc40608b1",
    "https://raw.githubusercontent.com/worker-tools/cloudflare-kv-storage/master/packer.ts": "fd486a6e6f1b1f6ba4d6a8c32ffb37769f59157c1bce7b2c2b45395d4e5b061f",
    "https://raw.githubusercontent.com/worker-tools/deno-kv-storage/master/mod.ts": "6102412ed1ed34ed05a5b3ce02a1c9fe539c7f401103ba6e374d969e5b7ef345",
    "https://raw.githubusercontent.com/worker-tools/encrypted-cookie-store/master/aggregate-error.ts": "209f157e9a1c6a4d64a33736ffc450d56b24d4ade1420a35541f51b41305729f",
    "https://raw.githubusercontent.com/worker-tools/encrypted-cookie-store/master/index.ts": "d9e10deafaf2910601da9b3562b31fff008d1e3a3ada05424854cfd644d7180c",
    "https://raw.githubusercontent.com/worker-tools/extendable-promise/master/index.ts": "b549505d19392b2ac0f2d742d0688a997497fdac7e130a4dca245cd38e0c68ea",
    "https://raw.githubusercontent.com/worker-tools/html/master/html-response.ts": "f0ca5c7effffb26568861ca6921b51e86929d57f2a9eda0919ec142804c74af1",
    "https://raw.githubusercontent.com/worker-tools/html/master/html.ts": "7f7a0d8c5ecc4b0590e90e7c556d0a5ac3dab1342b2a24cb0a4ce384f6b71ef8",
    "https://raw.githubusercontent.com/worker-tools/html/master/index.ts": "0fcd6e2059e55e76aa8ba2c2a2a15a247c9a5e90494346823162b93d54fa66b6",
    "https://raw.githubusercontent.com/worker-tools/json-fetch/master/index.ts": "b21b4c098e5dec6d356f54819200c1eaf6b9568bf186aa567e1686d2ca7d5fb7",
    "https://raw.githubusercontent.com/worker-tools/json-fetch/master/search-params-url.ts": "0c529f94eabfc20e16249e0c5236ade34692ca650bedc83e3e1409860d5bcef5",
    "https://raw.githubusercontent.com/worker-tools/json-stream/master/index.ts": "add7d96ca56d27413e3b4e3d1f1fadb190a45aa0c7ea0c254ca36fdfb9f21c93",
    "https://raw.githubusercontent.com/worker-tools/json-stream/master/json-fetch.ts": "9aa57f4b3ce7ab25ab6c10874a731857aed45de981e094bb60dac536b582faa7",
    "https://raw.githubusercontent.com/worker-tools/json-stream/master/json-parse-stream.ts": "6c51aa720e393be1dfe10ef6b188fe9831568afd70d00bc9ca4caa69c665fa0a",
    "https://raw.githubusercontent.com/worker-tools/json-stream/master/json-parser.js": "429816bc3c688a771443bcd83d281b0a420782817cf7b56fcb869f041913f3aa",
    "https://raw.githubusercontent.com/worker-tools/json-stream/master/json-path.ts": "e6a4560b55e009e47f6997d34c61f6fe8254da7ba7ff5457ddbf2e5818e88c90",
    "https://raw.githubusercontent.com/worker-tools/json-stream/master/json-stringify-stream.ts": "3530d0a46571a2a12a56ba95d5d66fdd9173e83ddd1775ff079f2327de1882c9",
    "https://raw.githubusercontent.com/worker-tools/json-stream/master/json-stringify.ts": "3e05c73ac049c30e25eaf4e4f701ab39b97b5b65d0ad43b63ee19c62cc35096d",
    "https://raw.githubusercontent.com/worker-tools/json-stream/master/task-promise.ts": "baca08c745f331b6121c711ade99ed6eee53f2781afe090f152fd450836e6a2b",
    "https://raw.githubusercontent.com/worker-tools/kv-storage-polyfill/master/index.ts": "3afc2aa4318916eb9dea03595f83614a6be954199bad07e84516c0daa9ce3f49",
    "https://raw.githubusercontent.com/worker-tools/kv-storage/master/index.ts": "01e878e7b3ef46a588cf547057e090cad9eb060ad97dc24e60122e34c7b07886",
    "https://raw.githubusercontent.com/worker-tools/middleware/master/basics.ts": "edd2095dd6a9a022025e7435f93ebe99f435d69c49f892c79e5771b8ebd15fe1",
    "https://raw.githubusercontent.com/worker-tools/middleware/master/body-parser.ts": "5721c43ef10ea56f0b972a5296be51d13799fe85df0520f256d5facf82964fea",
    "https://raw.githubusercontent.com/worker-tools/middleware/master/caching.ts": "47b0e61e0220cb94d1184599dd85b3c664f61fafa75a787d34a88e210f00d4df",
    "https://raw.githubusercontent.com/worker-tools/middleware/master/content-negotiation.ts": "a371effd66337e9ad35282afe02830ba4a5162c44d07347da423b542b73de952",
    "https://raw.githubusercontent.com/worker-tools/middleware/master/context.ts": "9c2173995ac7998e8615256b03601a594f59e629e8be7f031986e0915090c1a9",
    "https://raw.githubusercontent.com/worker-tools/middleware/master/cookies.ts": "47c28effeaa9ed7dc69557f1000a3ec6e97f1a12f4d52767c98c3da37940f638",
    "https://raw.githubusercontent.com/worker-tools/middleware/master/cors.ts": "69bde85eee45f89f191c754977bcd0f86209196f498ef120b9d97847c12c201d",
    "https://raw.githubusercontent.com/worker-tools/middleware/master/flushed.ts": "ce9003956b672579dad1dda7f698dbe349e2f4438b396268cb002a2167c80340",
    "https://raw.githubusercontent.com/worker-tools/middleware/master/index.ts": "20dc3ab73d6073031b2aff4d2b2ff455a4f5a15ba819ebbebb9cd82c2b48308a",
    "https://raw.githubusercontent.com/worker-tools/middleware/master/session.ts": "b51d93474e5b3bdbce440cc6dd299a5e2a340c54db514c28377ad6013269401a",
    "https://raw.githubusercontent.com/worker-tools/middleware/master/utils/aggregate-error.ts": "209f157e9a1c6a4d64a33736ffc450d56b24d4ade1420a35541f51b41305729f",
    "https://raw.githubusercontent.com/worker-tools/middleware/master/utils/append-only-list.ts": "c3d06adb658041e76c3266b4650c70ba9ad28987fbe0def565c271617b22224f",
    "https://raw.githubusercontent.com/worker-tools/middleware/master/utils/common-types.ts": "c34d2f814fbc3b1d25ab347bfadbe5bfb10cce6fae4584368ffd46d24f918593",
    "https://raw.githubusercontent.com/worker-tools/middleware/master/utils/headers-set-cookie-fix.ts": "402d2ee793a0c09436ed962488571647197eb9a2e5563b553376c99b8f410c5a",
    "https://raw.githubusercontent.com/worker-tools/middleware/master/utils/middleware-cookie-store.ts": "257366e7deb231242c7337c749e3b45166867011e69c25c0f0ff44d7d20afd75",
    "https://raw.githubusercontent.com/worker-tools/middleware/master/utils/unsettle.ts": "ca89d3582d2d2ad862571a0f30eeef41623a6bb4b9ab3119761ebb3b811549d7",
    "https://raw.githubusercontent.com/worker-tools/request-cookie-store/master/index.ts": "b45ddbfd90e3c0ab17d7c23b461f9f5ecd1a0586b12694e5ffa6a3a5860aaa27",
    "https://raw.githubusercontent.com/worker-tools/request-cookie-store/master/set-cookie.ts": "dc4020602fb48f21e73455ab156458f18ba2843ab3eba2479500a358a7655cc4",
    "https://raw.githubusercontent.com/worker-tools/resolvable-promise/master/index.ts": "67d11f839d8e831074668e29e22c582d0ec0bbfcbf49d639ed33d9baffefed36",
    "https://raw.githubusercontent.com/worker-tools/response-creators/master/index.ts": "2ebd1b4243a9e48dbba269ea962e235ab38b0e7d2c8163fa4fc5dacd109595e0",
    "https://raw.githubusercontent.com/worker-tools/router/master/index.ts": "d68bd93849944f1b0dfb387dafeca02b625c4d2600f4de4289fc61411aa5b5ba",
    "https://raw.githubusercontent.com/worker-tools/router/master/utils/aggregate-error.ts": "209f157e9a1c6a4d64a33736ffc450d56b24d4ade1420a35541f51b41305729f",
    "https://raw.githubusercontent.com/worker-tools/router/master/utils/error-event.ts": "41f516ee55ceb33f78b7694cd30f9b8183fb9d0a86938e37793d0490f1e31423",
    "https://raw.githubusercontent.com/worker-tools/shed/master/encrypted-cookie-store.ts": "8215bd5a494fede0f1d59680879c98dc7f85217162fadc27252f49538b9d147a",
    "https://raw.githubusercontent.com/worker-tools/shed/master/extendable-promise.ts": "fb1d9e025c3e37f08bd93be8df28e893034efaeaba88428cfd7e1e77d121095f",
    "https://raw.githubusercontent.com/worker-tools/shed/master/html.ts": "95ebb42a67773d0f0c870a765deba971cedc0ba3d31832b39dc30b832d63c59c",
    "https://raw.githubusercontent.com/worker-tools/shed/master/index.ts": "84495447165a47343e2814f2891334f18004f4abc2952da612aa8f0d968bcec2",
    "https://raw.githubusercontent.com/worker-tools/shed/master/json-fetch.ts": "3f8c405c4e58ef1630dc9ab865552d802b8890a2832b073991486d3887140059",
    "https://raw.githubusercontent.com/worker-tools/shed/master/json-stream.ts": "477dd710ef8d6fb00765d26ce8e2409df909dc32f7e367c1c4beae2a1101f076",
    "https://raw.githubusercontent.com/worker-tools/shed/master/kv-storage.ts": "880b4699ba14edecbf949437d053a98aaec0c42c5cf423c5f842a721a5a7902b",
    "https://raw.githubusercontent.com/worker-tools/shed/master/middleware.ts": "2f811c9e8cf341f2d5307ee68d842c9ae0e12bcb93c2d1d548230591cefdbec1",
    "https://raw.githubusercontent.com/worker-tools/shed/master/request-cookie-store.ts": "85e669c760fb88543f47323d8a6ddd4b01f8d2a9469d5f14ce63787cfa03ab81",
    "https://raw.githubusercontent.com/worker-tools/shed/master/resolvable-promise.ts": "b1eeaf2ea26b384d142499c8924ccffaa00551698e878b152acf0303ecf85e56",
    "https://raw.githubusercontent.com/worker-tools/shed/master/response-creators.ts": "c3442264984f1eebd7b8032f656bd7de8cb64565a0fb7cc9477478b1670b300b",
    "https://raw.githubusercontent.com/worker-tools/shed/master/router.ts": "90bc5c5924de0a0f68262b432cfe0dc35fe5e12d752598bc271eb14c527d90af",
    "https://raw.githubusercontent.com/worker-tools/shed/master/signed-cookie-store.ts": "348cc69d5238e2e6f3d2141d97b0e7cf4d1083c5e4e02bace7b1d3915896430e",
    "https://raw.githubusercontent.com/worker-tools/shed/master/stream-response.ts": "81e660c9f53fcc71193bbe6c08c530552a4221b72c1e9f338da196fc5453612a",
    "https://raw.githubusercontent.com/worker-tools/signed-cookie-store/master/index.ts": "b32b0b3d7bc7f06a0d5156093a869b1197dfd5c1900c9004da2432ab2c915499",
    "https://raw.githubusercontent.com/worker-tools/stream-response/master/index.ts": "5e5cd3b4b3e6cda010b81f664c0b675486ab5d599afc2221a807f13524f8b5f5",
    "https://raw.githubusercontent.com/worker-tools/stream-response/master/iter.ts": "907ad105ee41c211b44cbaaad77c5b9b99137355c665f73a980d552ff16a2c03",
    "https://raw.githubusercontent.com/worker-tools/structured-json/master/blob.js": "46505485c8735227b5139d151baab06d6f860cd10e5469ca518d2a01acb34156",
    "https://raw.githubusercontent.com/worker-tools/structured-json/master/file.js": "7c1b02aeab11bac5385b04e59fd215fb572a73020fb62798d07cb4cb3661e5cb",
    "https://raw.githubusercontent.com/worker-tools/structured-json/master/filelist.js": "b70cda4b6cd86a09758808a2d6347938cd5990ca4827b3221667dc13a5924b70",
    "https://raw.githubusercontent.com/worker-tools/structured-json/master/index.ts": "b154a3db7e9372d18a75e015b0c72c2dede51679536f907899e1fd3d2883c964",
    "https://raw.githubusercontent.com/worker-tools/structured-json/master/typeson.ts": "188ca76c755da7a672244a22f54b139befa202fb91e8dc9899da50d7129b15ae",
    "https://unpkg.com/typeson-registry@3.0.0/dist/index.js": "5e3f5b24bd62d0733f2c36b6eaead420c67d02dca345a07296482024ca515553"
  }
}
